
Microsoft Visual Studio Solution File, Format Version 12.00
# Visual Studio Version 17
VisualStudioVersion = 17.0.31903.59
MinimumVisualStudioVersion = 10.0.40219.1
Project("{FAE04EC0-301F-11D3-BF4B-00C04F79EFBC}") = "core", "core\core.csproj", "{7E60ECD5-2AB5-47E5-B542-2D29859770A6}"
EndProject
Project("{FAE04EC0-301F-11D3-BF4B-00C04F79EFBC}") = "Infrastructure", "Infrastructure\Infrastructure.csproj", "{5FBBEBC6-0A8A-4C8A-8A43-98B3652152E7}"
EndProject
Project("{FAE04EC0-301F-11D3-BF4B-00C04F79EFBC}") = "API", "API\API.csproj", "{CC5128AF-4524-46D9-914D-E068F5050738}"
EndProject
Global
	GlobalSection(SolutionConfigurationPlatforms) = preSolution
		Debug|Any CPU = Debug|Any CPU
		Release|Any CPU = Release|Any CPU
	EndGlobalSection
	GlobalSection(SolutionProperties) = preSolution
		HideSolutionNode = FALSE
	EndGlobalSection
	GlobalSection(ProjectConfigurationPlatforms) = postSolution
		{7E60ECD5-2AB5-47E5-B542-2D29859770A6}.Debug|Any CPU.ActiveCfg = Debug|Any CPU
		{7E60ECD5-2AB5-47E5-B542-2D29859770A6}.Debug|Any CPU.Build.0 = Debug|Any CPU
		{7E60ECD5-2AB5-47E5-B542-2D29859770A6}.Release|Any CPU.ActiveCfg = Release|Any CPU
		{7E60ECD5-2AB5-47E5-B542-2D29859770A6}.Release|Any CPU.Build.0 = Release|Any CPU
		{5FBBEBC6-0A8A-4C8A-8A43-98B3652152E7}.Debug|Any CPU.ActiveCfg = Debug|Any CPU
		{5FBBEBC6-0A8A-4C8A-8A43-98B3652152E7}.Debug|Any CPU.Build.0 = Debug|Any CPU
		{5FBBEBC6-0A8A-4C8A-8A43-98B3652152E7}.Release|Any CPU.ActiveCfg = Release|Any CPU
		{5FBBEBC6-0A8A-4C8A-8A43-98B3652152E7}.Release|Any CPU.Build.0 = Release|Any CPU
		{CC5128AF-4524-46D9-914D-E068F5050738}.Debug|Any CPU.ActiveCfg = Debug|Any CPU
		{CC5128AF-4524-46D9-914D-E068F5050738}.Debug|Any CPU.Build.0 = Debug|Any CPU
		{CC5128AF-4524-46D9-914D-E068F5050738}.Release|Any CPU.ActiveCfg = Release|Any CPU
		{CC5128AF-4524-46D9-914D-E068F5050738}.Release|Any CPU.Build.0 = Release|Any CPU
	EndGlobalSection
EndGlobal
